{
  "name": "email",
  "version": "1.0.0",
  "lockfileVersion": 1,
  "requires": true,
  "dependencies": {
    "package": {
      "version": "1.0.1",
      "resolved": "https://registry.npmjs.org/package/-/package-1.0.1.tgz",
      "integrity": "sha1-0lofmeJQbcsn1nBLg9yooxLk7cw="
    },
    "smtp": {
      "version": "0.1.4",
      "resolved": "https://registry.npmjs.org/smtp/-/smtp-0.1.4.tgz",
      "integrity": "sha1-F3m7fmnA4Qd7cir/Q2dAjE29BFQ="
    }
  }
}
